
Microsoft Visual Studio Solution File, Format Version 12.00
# Visual Studio Version 17
VisualStudioVersion = 17.5.33627.172
MinimumVisualStudioVersion = 10.0.40219.1
Project("{FAE04EC0-301F-11D3-BF4B-00C04F79EFBC}") = "PrzelicznikNewtonow", "PrzelicznikNewtonow\PrzelicznikNewtonow.csproj", "{97DFB6B4-2F21-43C7-9332-2C510F33DD19}"
EndProject
Global
	GlobalSection(SolutionConfigurationPlatforms) = preSolution
		Debug|Any CPU = Debug|Any CPU
		Release|Any CPU = Release|Any CPU
	EndGlobalSection
	GlobalSection(ProjectConfigurationPlatforms) = postSolution
		{97DFB6B4-2F21-43C7-9332-2C510F33DD19}.Debug|Any CPU.ActiveCfg = Debug|Any CPU
		{97DFB6B4-2F21-43C7-9332-2C510F33DD19}.Debug|Any CPU.Build.0 = Debug|Any CPU
		{97DFB6B4-2F21-43C7-9332-2C510F33DD19}.Release|Any CPU.ActiveCfg = Release|Any CPU
		{97DFB6B4-2F21-43C7-9332-2C510F33DD19}.Release|Any CPU.Build.0 = Release|Any CPU
	EndGlobalSection
	GlobalSection(SolutionProperties) = preSolution
		HideSolutionNode = FALSE
	EndGlobalSection
	GlobalSection(ExtensibilityGlobals) = postSolution
		SolutionGuid = {C8E71C29-1FED-4865-B0AC-1EF9F9D89ADD}
	EndGlobalSection
EndGlobal
